<?xml version="1.0"?>
<plist version="1.0">
	<dict>
		<key>archiveVersion</key>
		<string>1</string>
		<key>classes</key>
		<dict />
		<key>objectVersion</key>
		<string>46</string>
		<key>objects</key>
		<dict>
			<key>5950C27A65404B941F7E0A03</key>
			<dict>
				<key>explicitFileType</key>
				<string>sourcecode.c.h</string>
				<key>fileEncoding</key>
				<string>30</string>
				<key>isa</key>
				<string>PBXFileReference</string>
				<key>name</key>
				<string>ofxOpenFaceTracker.h</string>
				<key>path</key>
				<string>../../../addons/ofxOpenFace/src/ofxOpenFaceTracker.h</string>
				<key>sourceTree</key>
				<string>SOURCE_ROOT</string>
			</dict>
			<key>04738F3E078CD92EE86FCB06</key>
			<dict>
				<key>explicitFileType</key>
				<string>sourcecode.c.h</string>
				<key>fileEncoding</key>
				<string>30</string>
				<key>isa</key>
				<string>PBXFileReference</string>
				<key>name</key>
				<string>ofxOpenFaceThread.h</string>
				<key>path</key>
				<string>../../../addons/ofxOpenFace/src/ofxOpenFaceThread.h</string>
				<key>sourceTree</key>
				<string>SOURCE_ROOT</string>
			</dict>
			<key>0E36EAC9FCBA4FB6DEC61581</key>
			<dict>
				<key>explicitFileType</key>
				<string>sourcecode.c.h</string>
				<key>fileEncoding</key>
				<string>30</string>
				<key>isa</key>
				<string>PBXFileReference</string>
				<key>name</key>
				<string>ofxOpenFaceSingle.h</string>
				<key>path</key>
				<string>../../../addons/ofxOpenFace/src/ofxOpenFaceSingle.h</string>
				<key>sourceTree</key>
				<string>SOURCE_ROOT</string>
			</dict>
			<key>EBDBAC5A8E0B52334DC561B7</key>
			<dict>
				<key>explicitFileType</key>
				<string>sourcecode.c.h</string>
				<key>fileEncoding</key>
				<string>30</string>
				<key>isa</key>
				<string>PBXFileReference</string>
				<key>name</key>
				<string>ofxOpenFaceMulti.h</string>
				<key>path</key>
				<string>../../../addons/ofxOpenFace/src/ofxOpenFaceMulti.h</string>
				<key>sourceTree</key>
				<string>SOURCE_ROOT</string>
			</dict>
			<key>EBDCD50FDDAAA9A66EBAAFEC</key>
			<dict>
				<key>children</key>
				<array>
					<string>AEB4FB4F44FD8544692DE45E</string>
					<string>EBDBAC5A8E0B52334DC561B7</string>
					<string>0E36EAC9FCBA4FB6DEC61581</string>
					<string>04738F3E078CD92EE86FCB06</string>
					<string>5950C27A65404B941F7E0A03</string>
				</array>
				<key>isa</key>
				<string>PBXGroup</string>
				<key>name</key>
				<string>src</string>
				<key>sourceTree</key>
				<string>&lt;group&gt;</string>
			</dict>
			<key>2CED3AF7077A9639DE7739AB</key>
			<dict>
				<key>children</key>
				<array>
					<string>EBDCD50FDDAAA9A66EBAAFEC</string>
				</array>
				<key>isa</key>
				<string>PBXGroup</string>
				<key>name</key>
				<string>ofxOpenFace</string>
				<key>sourceTree</key>
				<string>&lt;group&gt;</string>
			</dict>
			<key>AEB4FB4F44FD8544692DE45E</key>
			<dict>
				<key>explicitFileType</key>
				<string>sourcecode.c.h</string>
				<key>fileEncoding</key>
				<string>30</string>
				<key>isa</key>
				<string>PBXFileReference</string>
				<key>name</key>
				<string>ofxOpenFace.h</string>
				<key>path</key>
				<string>../../../addons/ofxOpenFace/src/ofxOpenFace.h</string>
				<key>sourceTree</key>
				<string>SOURCE_ROOT</string>
			</dict>
			<key>DBCB84A37F9AECC254870D79</key>
			<dict>
				<key>fileRef</key>
				<string>D347FB65D19015303863922A</string>
				<key>isa</key>
				<string>PBXBuildFile</string>
			</dict>
			<key>D347FB65D19015303863922A</key>
			<dict>
				<key>explicitFileType</key>
				<string>sourcecode.cpp.cpp</string>
				<key>fileEncoding</key>
				<string>30</string>
				<key>isa</key>
				<string>PBXFileReference</string>
				<key>name</key>
				<string>Wrappers.cpp</string>
				<key>path</key>
				<string>../../../addons/ofxCv/libs/ofxCv/src/Wrappers.cpp</string>
				<key>sourceTree</key>
				<string>SOURCE_ROOT</string>
			</dict>
			<key>A6668C5B1272D7FCD5B5A16F</key>
			<dict>
				<key>fileRef</key>
				<string>6CEC50DB3D06414010233963</string>
				<key>isa</key>
				<string>PBXBuildFile</string>
			</dict>
			<key>6CEC50DB3D06414010233963</key>
			<dict>
				<key>explicitFileType</key>
				<string>sourcecode.cpp.cpp</string>
				<key>fileEncoding</key>
				<string>30</string>
				<key>isa</key>
				<string>PBXFileReference</string>
				<key>name</key>
				<string>Utilities.cpp</string>
				<key>path</key>
				<string>../../../addons/ofxCv/libs/ofxCv/src/Utilities.cpp</string>
				<key>sourceTree</key>
				<string>SOURCE_ROOT</string>
			</dict>
			<key>10B69DE456AED1288FC9316B</key>
			<dict>
				<key>fileRef</key>
				<string>A810DF70319A10353588F5DB</string>
				<key>isa</key>
				<string>PBXBuildFile</string>
			</dict>
			<key>A810DF70319A10353588F5DB</key>
			<dict>
				<key>explicitFileType</key>
				<string>sourcecode.cpp.cpp</string>
				<key>fileEncoding</key>
				<string>30</string>
				<key>isa</key>
				<string>PBXFileReference</string>
				<key>name</key>
				<string>Tracker.cpp</string>
				<key>path</key>
				<string>../../../addons/ofxCv/libs/ofxCv/src/Tracker.cpp</string>
				<key>sourceTree</key>
				<string>SOURCE_ROOT</string>
			</dict>
			<key>7CDAD32BE4FA46701E3552C7</key>
			<dict>
				<key>fileRef</key>
				<string>5CBF6AED6A17AC0C17F63CC4</string>
				<key>isa</key>
				<string>PBXBuildFile</string>
			</dict>
			<key>5CBF6AED6A17AC0C17F63CC4</key>
			<dict>
				<key>explicitFileType</key>
				<string>sourcecode.cpp.cpp</string>
				<key>fileEncoding</key>
				<string>30</string>
				<key>isa</key>
				<string>PBXFileReference</string>
				<key>name</key>
				<string>RunningBackground.cpp</string>
				<key>path</key>
				<string>../../../addons/ofxCv/libs/ofxCv/src/RunningBackground.cpp</string>
				<key>sourceTree</key>
				<string>SOURCE_ROOT</string>
			</dict>
			<key>C602002DE761F9B52DB4400A</key>
			<dict>
				<key>fileRef</key>
				<string>AE75A3FBA2C2D87D14F06FE6</string>
				<key>isa</key>
				<string>PBXBuildFile</string>
			</dict>
			<key>AE75A3FBA2C2D87D14F06FE6</key>
			<dict>
				<key>explicitFileType</key>
				<string>sourcecode.cpp.cpp</string>
				<key>fileEncoding</key>
				<string>30</string>
				<key>isa</key>
				<string>PBXFileReference</string>
				<key>name</key>
				<string>ObjectFinder.cpp</string>
				<key>path</key>
				<string>../../../addons/ofxCv/libs/ofxCv/src/ObjectFinder.cpp</string>
				<key>sourceTree</key>
				<string>SOURCE_ROOT</string>
			</dict>
			<key>311DF864378748129984EA1D</key>
			<dict>
				<key>fileRef</key>
				<string>77A1A692522820F935B58762</string>
				<key>isa</key>
				<string>PBXBuildFile</string>
			</dict>
			<key>77A1A692522820F935B58762</key>
			<dict>
				<key>explicitFileType</key>
				<string>sourcecode.cpp.cpp</string>
				<key>fileEncoding</key>
				<string>30</string>
				<key>isa</key>
				<string>PBXFileReference</string>
				<key>name</key>
				<string>Kalman.cpp</string>
				<key>path</key>
				<string>../../../addons/ofxCv/libs/ofxCv/src/Kalman.cpp</string>
				<key>sourceTree</key>
				<string>SOURCE_ROOT</string>
			</dict>
			<key>2023EF517ED2D8B397511D4B</key>
			<dict>
				<key>fileRef</key>
				<string>B9076967F8C54A04362C04AA</string>
				<key>isa</key>
				<string>PBXBuildFile</string>
			</dict>
			<key>B9076967F8C54A04362C04AA</key>
			<dict>
				<key>explicitFileType</key>
				<string>sourcecode.cpp.cpp</string>
				<key>fileEncoding</key>
				<string>30</string>
				<key>isa</key>
				<string>PBXFileReference</string>
				<key>name</key>
				<string>Helpers.cpp</string>
				<key>path</key>
				<string>../../../addons/ofxCv/libs/ofxCv/src/Helpers.cpp</string>
				<key>sourceTree</key>
				<string>SOURCE_ROOT</string>
			</dict>
			<key>5CC34D433F5806179935B89D</key>
			<dict>
				<key>fileRef</key>
				<string>03A75A648BC4CF1D9DEDD0CE</string>
				<key>isa</key>
				<string>PBXBuildFile</string>
			</dict>
			<key>03A75A648BC4CF1D9DEDD0CE</key>
			<dict>
				<key>explicitFileType</key>
				<string>sourcecode.cpp.cpp</string>
				<key>fileEncoding</key>
				<string>30</string>
				<key>isa</key>
				<string>PBXFileReference</string>
				<key>name</key>
				<string>Flow.cpp</string>
				<key>path</key>
				<string>../../../addons/ofxCv/libs/ofxCv/src/Flow.cpp</string>
				<key>sourceTree</key>
				<string>SOURCE_ROOT</string>
			</dict>
			<key>45CC483A999BF1065A6B926C</key>
			<dict>
				<key>fileRef</key>
				<string>9DBD717072C35D324E101669</string>
				<key>isa</key>
				<string>PBXBuildFile</string>
			</dict>
			<key>9DBD717072C35D324E101669</key>
			<dict>
				<key>explicitFileType</key>
				<string>sourcecode.cpp.cpp</string>
				<key>fileEncoding</key>
				<string>30</string>
				<key>isa</key>
				<string>PBXFileReference</string>
				<key>name</key>
				<string>Distance.cpp</string>
				<key>path</key>
				<string>../../../addons/ofxCv/libs/ofxCv/src/Distance.cpp</string>
				<key>sourceTree</key>
				<string>SOURCE_ROOT</string>
			</dict>
			<key>6AABAB39E82AF5CFEA23A205</key>
			<dict>
				<key>fileRef</key>
				<string>5FBB4A8427353AED09174BE5</string>
				<key>isa</key>
				<string>PBXBuildFile</string>
			</dict>
			<key>5FBB4A8427353AED09174BE5</key>
			<dict>
				<key>explicitFileType</key>
				<string>sourcecode.cpp.cpp</string>
				<key>fileEncoding</key>
				<string>30</string>
				<key>isa</key>
				<string>PBXFileReference</string>
				<key>name</key>
				<string>ContourFinder.cpp</string>
				<key>path</key>
				<string>../../../addons/ofxCv/libs/ofxCv/src/ContourFinder.cpp</string>
				<key>sourceTree</key>
				<string>SOURCE_ROOT</string>
			</dict>
			<key>D240A1DD1AE9F8E81BDBCD2B</key>
			<dict>
				<key>children</key>
				<array>
					<string>402C8F4015542356D362AC88</string>
					<string>5FBB4A8427353AED09174BE5</string>
					<string>9DBD717072C35D324E101669</string>
					<string>03A75A648BC4CF1D9DEDD0CE</string>
					<string>B9076967F8C54A04362C04AA</string>
					<string>77A1A692522820F935B58762</string>
					<string>AE75A3FBA2C2D87D14F06FE6</string>
					<string>5CBF6AED6A17AC0C17F63CC4</string>
					<string>A810DF70319A10353588F5DB</string>
					<string>6CEC50DB3D06414010233963</string>
					<string>D347FB65D19015303863922A</string>
				</array>
				<key>isa</key>
				<string>PBXGroup</string>
				<key>name</key>
				<string>src</string>
				<key>sourceTree</key>
				<string>&lt;group&gt;</string>
			</dict>
			<key>EBCDE831EFAE08274E799C97</key>
			<dict>
				<key>fileRef</key>
				<string>402C8F4015542356D362AC88</string>
				<key>isa</key>
				<string>PBXBuildFile</string>
			</dict>
			<key>402C8F4015542356D362AC88</key>
			<dict>
				<key>explicitFileType</key>
				<string>sourcecode.cpp.cpp</string>
				<key>fileEncoding</key>
				<string>30</string>
				<key>isa</key>
				<string>PBXFileReference</string>
				<key>name</key>
				<string>Calibration.cpp</string>
				<key>path</key>
				<string>../../../addons/ofxCv/libs/ofxCv/src/Calibration.cpp</string>
				<key>sourceTree</key>
				<string>SOURCE_ROOT</string>
			</dict>
			<key>73157AAE32787C63313C7D8E</key>
			<dict>
				<key>explicitFileType</key>
				<string>sourcecode.c.h</string>
				<key>fileEncoding</key>
				<string>30</string>
				<key>isa</key>
				<string>PBXFileReference</string>
				<key>name</key>
				<string>Wrappers.h</string>
				<key>path</key>
				<string>../../../addons/ofxCv/libs/ofxCv/include/ofxCv/Wrappers.h</string>
				<key>sourceTree</key>
				<string>SOURCE_ROOT</string>
			</dict>
			<key>84D3470A12DEE51F320224AC</key>
			<dict>
				<key>explicitFileType</key>
				<string>sourcecode.c.h</string>
				<key>fileEncoding</key>
				<string>30</string>
				<key>isa</key>
				<string>PBXFileReference</string>
				<key>name</key>
				<string>Utilities.h</string>
				<key>path</key>
				<string>../../../addons/ofxCv/libs/ofxCv/include/ofxCv/Utilities.h</string>
				<key>sourceTree</key>
				<string>SOURCE_ROOT</string>
			</dict>
			<key>70046E043EDDB466ED625C3B</key>
			<dict>
				<key>explicitFileType</key>
				<string>sourcecode.c.h</string>
				<key>fileEncoding</key>
				<string>30</string>
				<key>isa</key>
				<string>PBXFileReference</string>
				<key>name</key>
				<string>Tracker.h</string>
				<key>path</key>
				<string>../../../addons/ofxCv/libs/ofxCv/include/ofxCv/Tracker.h</string>
				<key>sourceTree</key>
				<string>SOURCE_ROOT</string>
			</dict>
			<key>6B3CDFD1A15E92F074E7D5AE</key>
			<dict>
				<key>explicitFileType</key>
				<string>sourcecode.c.h</string>
				<key>fileEncoding</key>
				<string>30</string>
				<key>isa</key>
				<string>PBXFileReference</string>
				<key>name</key>
				<string>RunningBackground.h</string>
				<key>path</key>
				<string>../../../addons/ofxCv/libs/ofxCv/include/ofxCv/RunningBackground.h</string>
				<key>sourceTree</key>
				<string>SOURCE_ROOT</string>
			</dict>
			<key>4524C0ED0C2DD3E085CE3350</key>
			<dict>
				<key>explicitFileType</key>
				<string>sourcecode.c.h</string>
				<key>fileEncoding</key>
				<string>30</string>
				<key>isa</key>
				<string>PBXFileReference</string>
				<key>name</key>
				<string>ObjectFinder.h</string>
				<key>path</key>
				<string>../../../addons/ofxCv/libs/ofxCv/include/ofxCv/ObjectFinder.h</string>
				<key>sourceTree</key>
				<string>SOURCE_ROOT</string>
			</dict>
			<key>F3C32677C12BD67CF9F8980E</key>
			<dict>
				<key>explicitFileType</key>
				<string>sourcecode.c.h</string>
				<key>fileEncoding</key>
				<string>30</string>
				<key>isa</key>
				<string>PBXFileReference</string>
				<key>name</key>
				<string>Kalman.h</string>
				<key>path</key>
				<string>../../../addons/ofxCv/libs/ofxCv/include/ofxCv/Kalman.h</string>
				<key>sourceTree</key>
				<string>SOURCE_ROOT</string>
			</dict>
			<key>8738DE90218B1E9054A88B54</key>
			<dict>
				<key>explicitFileType</key>
				<string>sourcecode.c.h</string>
				<key>fileEncoding</key>
				<string>30</string>
				<key>isa</key>
				<string>PBXFileReference</string>
				<key>name</key>
				<string>Helpers.h</string>
				<key>path</key>
				<string>../../../addons/ofxCv/libs/ofxCv/include/ofxCv/Helpers.h</string>
				<key>sourceTree</key>
				<string>SOURCE_ROOT</string>
			</dict>
			<key>8326CDEDA153D242D924D2B6</key>
			<dict>
				<key>explicitFileType</key>
				<string>sourcecode.c.h</string>
				<key>fileEncoding</key>
				<string>30</string>
				<key>isa</key>
				<string>PBXFileReference</string>
				<key>name</key>
				<string>Flow.h</string>
				<key>path</key>
				<string>../../../addons/ofxCv/libs/ofxCv/include/ofxCv/Flow.h</string>
				<key>sourceTree</key>
				<string>SOURCE_ROOT</string>
			</dict>
			<key>D29DD28C195CD81267F3C8A1</key>
			<dict>
				<key>explicitFileType</key>
				<string>sourcecode.c.h</string>
				<key>fileEncoding</key>
				<string>30</string>
				<key>isa</key>
				<string>PBXFileReference</string>
				<key>name</key>
				<string>Distance.h</string>
				<key>path</key>
				<string>../../../addons/ofxCv/libs/ofxCv/include/ofxCv/Distance.h</string>
				<key>sourceTree</key>
				<string>SOURCE_ROOT</string>
			</dict>
			<key>178547E33CE398C7B59F08AB</key>
			<dict>
				<key>explicitFileType</key>
				<string>sourcecode.c.h</string>
				<key>fileEncoding</key>
				<string>30</string>
				<key>isa</key>
				<string>PBXFileReference</string>
				<key>name</key>
				<string>ContourFinder.h</string>
				<key>path</key>
				<string>../../../addons/ofxCv/libs/ofxCv/include/ofxCv/ContourFinder.h</string>
				<key>sourceTree</key>
				<string>SOURCE_ROOT</string>
			</dict>
			<key>4EB038C7DF921AA8A4070286</key>
			<dict>
				<key>children</key>
				<array>
					<string>58140E0F92D37844E9C8883D</string>
					<string>178547E33CE398C7B59F08AB</string>
					<string>D29DD28C195CD81267F3C8A1</string>
					<string>8326CDEDA153D242D924D2B6</string>
					<string>8738DE90218B1E9054A88B54</string>
					<string>F3C32677C12BD67CF9F8980E</string>
					<string>4524C0ED0C2DD3E085CE3350</string>
					<string>6B3CDFD1A15E92F074E7D5AE</string>
					<string>70046E043EDDB466ED625C3B</string>
					<string>84D3470A12DEE51F320224AC</string>
					<string>73157AAE32787C63313C7D8E</string>
				</array>
				<key>isa</key>
				<string>PBXGroup</string>
				<key>name</key>
				<string>ofxCv</string>
				<key>sourceTree</key>
				<string>&lt;group&gt;</string>
			</dict>
			<key>13C72B31738CA9F68523CB1C</key>
			<dict>
				<key>children</key>
				<array>
					<string>4EB038C7DF921AA8A4070286</string>
				</array>
				<key>isa</key>
				<string>PBXGroup</string>
				<key>name</key>
				<string>include</string>
				<key>sourceTree</key>
				<string>&lt;group&gt;</string>
			</dict>
			<key>85961BEC127E2550AA7756C9</key>
			<dict>
				<key>children</key>
				<array>
					<string>13C72B31738CA9F68523CB1C</string>
					<string>D240A1DD1AE9F8E81BDBCD2B</string>
				</array>
				<key>isa</key>
				<string>PBXGroup</string>
				<key>name</key>
				<string>ofxCv</string>
				<key>sourceTree</key>
				<string>&lt;group&gt;</string>
			</dict>
			<key>58140E0F92D37844E9C8883D</key>
			<dict>
				<key>explicitFileType</key>
				<string>sourcecode.c.h</string>
				<key>fileEncoding</key>
				<string>30</string>
				<key>isa</key>
				<string>PBXFileReference</string>
				<key>name</key>
				<string>Calibration.h</string>
				<key>path</key>
				<string>../../../addons/ofxCv/libs/ofxCv/include/ofxCv/Calibration.h</string>
				<key>sourceTree</key>
				<string>SOURCE_ROOT</string>
			</dict>
			<key>F76B4A79BD8DE4854141CB47</key>
			<dict>
				<key>fileRef</key>
				<string>A2D8249D46647E3C51769CDE</string>
				<key>isa</key>
				<string>PBXBuildFile</string>
			</dict>
			<key>A2D8249D46647E3C51769CDE</key>
			<dict>
				<key>explicitFileType</key>
				<string>sourcecode.cpp.cpp</string>
				<key>fileEncoding</key>
				<string>30</string>
				<key>isa</key>
				<string>PBXFileReference</string>
				<key>name</key>
				<string>fdog.cpp</string>
				<key>path</key>
				<string>../../../addons/ofxCv/libs/CLD/src/fdog.cpp</string>
				<key>sourceTree</key>
				<string>SOURCE_ROOT</string>
			</dict>
			<key>37CF39B443ACB0F86B1351ED</key>
			<dict>
				<key>children</key>
				<array>
					<string>B047FF96258DC01792B272DB</string>
					<string>A2D8249D46647E3C51769CDE</string>
				</array>
				<key>isa</key>
				<string>PBXGroup</string>
				<key>name</key>
				<string>src</string>
				<key>sourceTree</key>
				<string>&lt;group&gt;</string>
			</dict>
			<key>B6840996567E78436F7ECFAB</key>
			<dict>
				<key>fileRef</key>
				<string>B047FF96258DC01792B272DB</string>
				<key>isa</key>
				<string>PBXBuildFile</string>
			</dict>
			<key>B047FF96258DC01792B272DB</key>
			<dict>
				<key>explicitFileType</key>
				<string>sourcecode.cpp.cpp</string>
				<key>fileEncoding</key>
				<string>30</string>
				<key>isa</key>
				<string>PBXFileReference</string>
				<key>name</key>
				<string>ETF.cpp</string>
				<key>path</key>
				<string>../../../addons/ofxCv/libs/CLD/src/ETF.cpp</string>
				<key>sourceTree</key>
				<string>SOURCE_ROOT</string>
			</dict>
			<key>FE15469185A3A49FEC9D2292</key>
			<dict>
				<key>explicitFileType</key>
				<string>sourcecode.c.h</string>
				<key>fileEncoding</key>
				<string>30</string>
				<key>isa</key>
				<string>PBXFileReference</string>
				<key>name</key>
				<string>myvec.h</string>
				<key>path</key>
				<string>../../../addons/ofxCv/libs/CLD/include/CLD/myvec.h</string>
				<key>sourceTree</key>
				<string>SOURCE_ROOT</string>
			</dict>
			<key>DB0CD4C938C079DCD67222FE</key>
			<dict>
				<key>explicitFileType</key>
				<string>sourcecode.c.h</string>
				<key>fileEncoding</key>
				<string>30</string>
				<key>isa</key>
				<string>PBXFileReference</string>
				<key>name</key>
				<string>imatrix.h</string>
				<key>path</key>
				<string>../../../addons/ofxCv/libs/CLD/include/CLD/imatrix.h</string>
				<key>sourceTree</key>
				<string>SOURCE_ROOT</string>
			</dict>
			<key>CC455256CE0ECFE328853737</key>
			<dict>
				<key>explicitFileType</key>
				<string>sourcecode.c.h</string>
				<key>fileEncoding</key>
				<string>30</string>
				<key>isa</key>
				<string>PBXFileReference</string>
				<key>name</key>
				<string>fdog.h</string>
				<key>path</key>
				<string>../../../addons/ofxCv/libs/CLD/include/CLD/fdog.h</string>
				<key>sourceTree</key>
				<string>SOURCE_ROOT</string>
			</dict>
			<key>FEA273413D5AFD9607F56ABE</key>
			<dict>
				<key>children</key>
				<array>
					<string>820102E51B125101D727B3CC</string>
					<string>CC455256CE0ECFE328853737</string>
					<string>DB0CD4C938C079DCD67222FE</string>
					<string>FE15469185A3A49FEC9D2292</string>
				</array>
				<key>isa</key>
				<string>PBXGroup</string>
				<key>name</key>
				<string>CLD</string>
				<key>sourceTree</key>
				<string>&lt;group&gt;</string>
			</dict>
			<key>45591C11B7434576DF6996B4</key>
			<dict>
				<key>children</key>
				<array>
					<string>FEA273413D5AFD9607F56ABE</string>
				</array>
				<key>isa</key>
				<string>PBXGroup</string>
				<key>name</key>
				<string>include</string>
				<key>sourceTree</key>
				<string>&lt;group&gt;</string>
			</dict>
			<key>7CC1E591490DB083FB916812</key>
			<dict>
				<key>children</key>
				<array>
					<string>45591C11B7434576DF6996B4</string>
					<string>37CF39B443ACB0F86B1351ED</string>
				</array>
				<key>isa</key>
				<string>PBXGroup</string>
				<key>name</key>
				<string>CLD</string>
				<key>sourceTree</key>
				<string>&lt;group&gt;</string>
			</dict>
			<key>90D509C72729D1998E28A98F</key>
			<dict>
				<key>children</key>
				<array>
					<string>7CC1E591490DB083FB916812</string>
					<string>85961BEC127E2550AA7756C9</string>
				</array>
				<key>isa</key>
				<string>PBXGroup</string>
				<key>name</key>
				<string>libs</string>
				<key>sourceTree</key>
				<string>&lt;group&gt;</string>
			</dict>
			<key>820102E51B125101D727B3CC</key>
			<dict>
				<key>explicitFileType</key>
				<string>sourcecode.c.h</string>
				<key>fileEncoding</key>
				<string>30</string>
				<key>isa</key>
				<string>PBXFileReference</string>
				<key>name</key>
				<string>ETF.h</string>
				<key>path</key>
				<string>../../../addons/ofxCv/libs/CLD/include/CLD/ETF.h</string>
				<key>sourceTree</key>
				<string>SOURCE_ROOT</string>
			</dict>
			<key>873F2BD1A608B2DE7BC81AFB</key>
			<dict>
				<key>children</key>
				<array>
					<string>325BD94FFB93161BBC68336E</string>
				</array>
				<key>isa</key>
				<string>PBXGroup</string>
				<key>name</key>
				<string>src</string>
				<key>sourceTree</key>
				<string>&lt;group&gt;</string>
			</dict>
			<key>6025FAF6414C2CA589764D26</key>
			<dict>
				<key>children</key>
				<array>
					<string>873F2BD1A608B2DE7BC81AFB</string>
					<string>90D509C72729D1998E28A98F</string>
				</array>
				<key>isa</key>
				<string>PBXGroup</string>
				<key>name</key>
				<string>ofxCv</string>
				<key>sourceTree</key>
				<string>&lt;group&gt;</string>
			</dict>
			<key>325BD94FFB93161BBC68336E</key>
			<dict>
				<key>explicitFileType</key>
				<string>sourcecode.c.h</string>
				<key>fileEncoding</key>
				<string>30</string>
				<key>isa</key>
				<string>PBXFileReference</string>
				<key>name</key>
				<string>ofxCv.h</string>
				<key>path</key>
				<string>../../../addons/ofxCv/src/ofxCv.h</string>
				<key>sourceTree</key>
				<string>SOURCE_ROOT</string>
			</dict>
			<key>6948EE371B920CB800B5AC1A</key>
			<dict>
				<key>children</key>
				<array />
				<key>isa</key>
				<string>PBXGroup</string>
				<key>name</key>
				<string>local_addons</string>
				<key>sourceTree</key>
				<string>&lt;group&gt;</string>
			</dict>
			<key>BB4B014C10F69532006C3DED</key>
			<dict>
				<key>children</key>
				<array>
					<string>6025FAF6414C2CA589764D26</string>
					<string>2CED3AF7077A9639DE7739AB</string>
				</array>
				<key>isa</key>
				<string>PBXGroup</string>
				<key>name</key>
				<string>addons</string>
				<key>sourceTree</key>
				<string>&lt;group&gt;</string>
			</dict>
			<key>E4328143138ABC890047C5CB</key>
			<dict>
				<key>isa</key>
				<string>PBXFileReference</string>
				<key>lastKnownFileType</key>
				<string>wrapper.pb-project</string>
				<key>name</key>
				<string>openFrameworksLib.xcodeproj</string>
				<key>path</key>
				<string>../../../libs/openFrameworksCompiled/project/osx/openFrameworksLib.xcodeproj</string>
				<key>sourceTree</key>
				<string>SOURCE_ROOT</string>
			</dict>
			<key>E4328144138ABC890047C5CB</key>
			<dict>
				<key>children</key>
				<array>
					<string>E4328148138ABC890047C5CB</string>
				</array>
				<key>isa</key>
				<string>PBXGroup</string>
				<key>name</key>
				<string>Products</string>
				<key>sourceTree</key>
				<string>&lt;group&gt;</string>
			</dict>
			<key>E4328147138ABC890047C5CB</key>
			<dict>
				<key>containerPortal</key>
				<string>E4328143138ABC890047C5CB</string>
				<key>isa</key>
				<string>PBXContainerItemProxy</string>
				<key>proxyType</key>
				<string>2</string>
				<key>remoteGlobalIDString</key>
				<string>E4B27C1510CBEB8E00536013</string>
				<key>remoteInfo</key>
				<string>openFrameworks</string>
			</dict>
			<key>E4328148138ABC890047C5CB</key>
			<dict>
				<key>fileType</key>
				<string>archive.ar</string>
				<key>isa</key>
				<string>PBXReferenceProxy</string>
				<key>path</key>
				<string>openFrameworksDebug.a</string>
				<key>remoteRef</key>
				<string>E4328147138ABC890047C5CB</string>
				<key>sourceTree</key>
				<string>BUILT_PRODUCTS_DIR</string>
			</dict>
			<key>E4328149138ABC9F0047C5CB</key>
			<dict>
				<key>fileRef</key>
				<string>E4328148138ABC890047C5CB</string>
				<key>isa</key>
				<string>PBXBuildFile</string>
			</dict>
			<key>E4B69B4A0A3A1720003C02F2</key>
			<dict>
				<key>children</key>
				<array>
					<string>E4B6FCAD0C3E899E008CF71C</string>
					<string>E4EB6923138AFD0F00A09F29</string>
					<string>E4B69E1C0A3A1BDC003C02F2</string>
					<string>E4EEC9E9138DF44700A80321</string>
					<string>BB4B014C10F69532006C3DED</string>
					<string>6948EE371B920CB800B5AC1A</string>
					<string>E4B69B5B0A3A1756003C02F2</string>
				</array>
				<key>isa</key>
				<string>PBXGroup</string>
				<key>sourceTree</key>
				<string>&lt;group&gt;</string>
			</dict>
			<key>E4B69B4C0A3A1720003C02F2</key>
			<dict>
				<key>attributes</key>
				<dict>
					<key>LastUpgradeCheck</key>
					<string>0600</string>
				</dict>
				<key>buildConfigurationList</key>
				<string>E4B69B4D0A3A1720003C02F2</string>
				<key>compatibilityVersion</key>
				<string>Xcode 3.2</string>
				<key>developmentRegion</key>
				<string>English</string>
				<key>hasScannedForEncodings</key>
				<string>0</string>
				<key>isa</key>
				<string>PBXProject</string>
				<key>knownRegions</key>
				<array>
					<string>English</string>
					<string>Japanese</string>
					<string>French</string>
					<string>German</string>
				</array>
				<key>mainGroup</key>
				<string>E4B69B4A0A3A1720003C02F2</string>
				<key>productRefGroup</key>
				<string>E4B69B4A0A3A1720003C02F2</string>
				<key>projectDirPath</key>
				<string />
				<key>projectReferences</key>
				<array>
					<dict>
						<key>ProductGroup</key>
						<string>E4328144138ABC890047C5CB</string>
						<key>ProjectRef</key>
						<string>E4328143138ABC890047C5CB</string>
					</dict>
				</array>
				<key>projectRoot</key>
				<string />
				<key>targets</key>
				<array>
					<string>E4B69B5A0A3A1756003C02F2</string>
				</array>
			</dict>
			<key>E4B69B4D0A3A1720003C02F2</key>
			<dict>
				<key>buildConfigurations</key>
				<array>
					<string>E4B69B4E0A3A1720003C02F2</string>
					<string>E4B69B4F0A3A1720003C02F2</string>
				</array>
				<key>defaultConfigurationIsVisible</key>
				<string>0</string>
				<key>defaultConfigurationName</key>
				<string>Release</string>
				<key>isa</key>
				<string>XCConfigurationList</string>
			</dict>
			<key>E4B69B4E0A3A1720003C02F2</key>
			<dict>
				<key>baseConfigurationReference</key>
				<string>E4EB6923138AFD0F00A09F29</string>
				<key>buildSettings</key>
				<dict>
					<key>OTHER_LDFLAGS</key>
					<array>
						<string>$(OF_CORE_FRAMEWORKS) $(OF_CORE_LIBS)</string>
						<string>../../../addons/ofxOpenFace/libs_openFace/FaceAnalyser/lib/osx/Release/libFaceAnalyser.a</string>
						<string>../../../addons/ofxOpenFace/libs_openFace/GazeAnalyser/lib/osx/Release/libGazeAnalyser.a</string>
						<string>../../../addons/ofxOpenFace/libs_openFace/LandmarkDetector/lib/osx/Release/libLandmarkDetector.a</string>
						<string>../../../addons/ofxOpenFace/libs_openFace/Utilities/lib/osx/Release/libUtilities.a</string>
						<string>../../../addons/ofxOpenFace/libs_others/dlib/lib/osx/libdlib.a</string>
						<string>../../../addons/ofxOpenFace/libs_others/tbb/lib/osx/libtbb.dylib</string>
						<string>../../../addons/ofxOpenFace/libs_others/openblas/lib/libopenblas.a</string>
						<string>../../../addons/ofxOpenFace/libs_others/opencv/lib/libopencv_calib3d.dylib</string>
						<string>../../../addons/ofxOpenFace/libs_others/opencv/lib/libopencv_core.dylib</string>
						<string>../../../addons/ofxOpenFace/libs_others/opencv/lib/libopencv_dnn.dylib</string>
						<string>../../../addons/ofxOpenFace/libs_others/opencv/lib/libopencv_features2d.dylib</string>
						<string>../../../addons/ofxOpenFace/libs_others/opencv/lib/libopencv_flann.dylib</string>
						<string>../../../addons/ofxOpenFace/libs_others/opencv/lib/libopencv_highgui.dylib</string>
						<string>../../../addons/ofxOpenFace/libs_others/opencv/lib/libopencv_imgcodecs.dylib</string>
						<string>../../../addons/ofxOpenFace/libs_others/opencv/lib/libopencv_imgproc.dylib</string>
						<string>../../../addons/ofxOpenFace/libs_others/opencv/lib/libopencv_ml.dylib</string>
						<string>../../../addons/ofxOpenFace/libs_others/opencv/lib/libopencv_objdetect.dylib</string>
						<string>../../../addons/ofxOpenFace/libs_others/opencv/lib/libopencv_photo.dylib</string>
						<string>../../../addons/ofxOpenFace/libs_others/opencv/lib/libopencv_shape.dylib</string>
						<string>../../../addons/ofxOpenFace/libs_others/opencv/lib/libopencv_stitching.dylib</string>
						<string>../../../addons/ofxOpenFace/libs_others/opencv/lib/libopencv_superres.dylib</string>
						<string>../../../addons/ofxOpenFace/libs_others/opencv/lib/libopencv_video.dylib</string>
						<string>../../../addons/ofxOpenFace/libs_others/opencv/lib/libopencv_videoio.dylib</string>
						<string>../../../addons/ofxOpenFace/libs_others/opencv/lib/libopencv_videostab.dylib</string>
					</array>
					<key>HEADER_SEARCH_PATHS</key>
					<array>
						<string>$(OF_CORE_HEADERS)</string>
						<string>src</string>
						<string>../../../addons/ofxCv/libs/ofxCv/include</string>
						<string>../../../addons/ofxCv/libs/CLD/include/CLD</string>
						<string>../../../addons/ofxCv/src</string>
						<string>../../../addons/ofxOpenFace/libs_openFace/FaceAnalyser/include</string>
						<string>../../../addons/ofxOpenFace/libs_openFace/GazeAnalyser/include</string>
						<string>../../../addons/ofxOpenFace/libs_openFace/LandmarkDetector/include</string>
						<string>../../../addons/ofxOpenFace/libs_openFace/Utilities/include</string>
						<string>../../../addons/ofxOpenFace/libs_others/dlib/include/dlib/all/source.cpp</string>
						<string>../../../addons/ofxOpenFace/libs_others/dlib/include</string>
						<string>../../../addons/ofxOpenFace/libs_others/tbb/include</string>
						<string>../../../addons/ofxOpenFace/libs_others/openblas/include</string>
						<string>../../../addons/ofxOpenFace/libs_others/opencv/include</string>
						<string>../../../addons/ofxOpenFace/libs_others/boost/include</string>
						<string>../../../addons/ofxOpenFace/src</string>
					</array>
					<key>CONFIGURATION_BUILD_DIR</key>
					<string>$(SRCROOT)/bin/</string>
					<key>COPY_PHASE_STRIP</key>
					<string>NO</string>
					<key>DEAD_CODE_STRIPPING</key>
					<string>YES</string>
					<key>GCC_AUTO_VECTORIZATION</key>
					<string>YES</string>
					<key>GCC_ENABLE_SSE3_EXTENSIONS</key>
					<string>YES</string>
					<key>GCC_ENABLE_SUPPLEMENTAL_SSE3_INSTRUCTIONS</key>
					<string>YES</string>
					<key>GCC_INLINES_ARE_PRIVATE_EXTERN</key>
					<string>NO</string>
					<key>GCC_OPTIMIZATION_LEVEL</key>
					<string>0</string>
					<key>GCC_SYMBOLS_PRIVATE_EXTERN</key>
					<string>NO</string>
					<key>GCC_WARN_ABOUT_DEPRECATED_FUNCTIONS</key>
					<string>YES</string>
					<key>GCC_WARN_ABOUT_INVALID_OFFSETOF_MACRO</key>
					<string>NO</string>
					<key>GCC_WARN_ALLOW_INCOMPLETE_PROTOCOL</key>
					<string>NO</string>
					<key>GCC_WARN_UNINITIALIZED_AUTOS</key>
					<string>NO</string>
					<key>GCC_WARN_UNUSED_VALUE</key>
					<string>NO</string>
					<key>GCC_WARN_UNUSED_VARIABLE</key>
					<string>NO</string>
					<key>MACOSX_DEPLOYMENT_TARGET</key>
					<string>10.8</string>
					<key>ONLY_ACTIVE_ARCH</key>
					<string>YES</string>
					<key>OTHER_CPLUSPLUSFLAGS</key>
					<array>
						<string>-D__MACOSX_CORE__</string>
						<string>-mtune=native</string>
					</array>
					<key>SDKROOT</key>
					<string>macosx</string>
				</dict>
				<key>isa</key>
				<string>XCBuildConfiguration</string>
				<key>name</key>
				<string>Debug</string>
			</dict>
			<key>E4B69B4F0A3A1720003C02F2</key>
			<dict>
				<key>baseConfigurationReference</key>
				<string>E4EB6923138AFD0F00A09F29</string>
				<key>buildSettings</key>
				<dict>
					<key>OTHER_LDFLAGS</key>
					<array>
						<string>$(OF_CORE_FRAMEWORKS) $(OF_CORE_LIBS)</string>
						<string>../../../addons/ofxOpenFace/libs_openFace/FaceAnalyser/lib/osx/Release/libFaceAnalyser.a</string>
						<string>../../../addons/ofxOpenFace/libs_openFace/GazeAnalyser/lib/osx/Release/libGazeAnalyser.a</string>
						<string>../../../addons/ofxOpenFace/libs_openFace/LandmarkDetector/lib/osx/Release/libLandmarkDetector.a</string>
						<string>../../../addons/ofxOpenFace/libs_openFace/Utilities/lib/osx/Release/libUtilities.a</string>
						<string>../../../addons/ofxOpenFace/libs_others/dlib/lib/osx/libdlib.a</string>
						<string>../../../addons/ofxOpenFace/libs_others/tbb/lib/osx/libtbb.dylib</string>
						<string>../../../addons/ofxOpenFace/libs_others/openblas/lib/libopenblas.a</string>
						<string>../../../addons/ofxOpenFace/libs_others/opencv/lib/libopencv_calib3d.dylib</string>
						<string>../../../addons/ofxOpenFace/libs_others/opencv/lib/libopencv_core.dylib</string>
						<string>../../../addons/ofxOpenFace/libs_others/opencv/lib/libopencv_dnn.dylib</string>
						<string>../../../addons/ofxOpenFace/libs_others/opencv/lib/libopencv_features2d.dylib</string>
						<string>../../../addons/ofxOpenFace/libs_others/opencv/lib/libopencv_flann.dylib</string>
						<string>../../../addons/ofxOpenFace/libs_others/opencv/lib/libopencv_highgui.dylib</string>
						<string>../../../addons/ofxOpenFace/libs_others/opencv/lib/libopencv_imgcodecs.dylib</string>
						<string>../../../addons/ofxOpenFace/libs_others/opencv/lib/libopencv_imgproc.dylib</string>
						<string>../../../addons/ofxOpenFace/libs_others/opencv/lib/libopencv_ml.dylib</string>
						<string>../../../addons/ofxOpenFace/libs_others/opencv/lib/libopencv_objdetect.dylib</string>
						<string>../../../addons/ofxOpenFace/libs_others/opencv/lib/libopencv_photo.dylib</string>
						<string>../../../addons/ofxOpenFace/libs_others/opencv/lib/libopencv_shape.dylib</string>
						<string>../../../addons/ofxOpenFace/libs_others/opencv/lib/libopencv_stitching.dylib</string>
						<string>../../../addons/ofxOpenFace/libs_others/opencv/lib/libopencv_superres.dylib</string>
						<string>../../../addons/ofxOpenFace/libs_others/opencv/lib/libopencv_video.dylib</string>
						<string>../../../addons/ofxOpenFace/libs_others/opencv/lib/libopencv_videoio.dylib</string>
						<string>../../../addons/ofxOpenFace/libs_others/opencv/lib/libopencv_videostab.dylib</string>
					</array>
					<key>HEADER_SEARCH_PATHS</key>
					<array>
						<string>$(OF_CORE_HEADERS)</string>
						<string>src</string>
						<string>../../../addons/ofxCv/libs/ofxCv/include</string>
						<string>../../../addons/ofxCv/libs/CLD/include/CLD</string>
						<string>../../../addons/ofxCv/src</string>
						<string>../../../addons/ofxOpenFace/libs_openFace/FaceAnalyser/include</string>
						<string>../../../addons/ofxOpenFace/libs_openFace/GazeAnalyser/include</string>
						<string>../../../addons/ofxOpenFace/libs_openFace/LandmarkDetector/include</string>
						<string>../../../addons/ofxOpenFace/libs_openFace/Utilities/include</string>
						<string>../../../addons/ofxOpenFace/libs_others/dlib/include/dlib/all/source.cpp</string>
						<string>../../../addons/ofxOpenFace/libs_others/dlib/include</string>
						<string>../../../addons/ofxOpenFace/libs_others/tbb/include</string>
						<string>../../../addons/ofxOpenFace/libs_others/openblas/include</string>
						<string>../../../addons/ofxOpenFace/libs_others/opencv/include</string>
						<string>../../../addons/ofxOpenFace/libs_others/boost/include</string>
						<string>../../../addons/ofxOpenFace/src</string>
					</array>
					<key>CONFIGURATION_BUILD_DIR</key>
					<string>$(SRCROOT)/bin/</string>
					<key>COPY_PHASE_STRIP</key>
					<string>YES</string>
					<key>DEAD_CODE_STRIPPING</key>
					<string>YES</string>
					<key>GCC_AUTO_VECTORIZATION</key>
					<string>YES</string>
					<key>GCC_ENABLE_SSE3_EXTENSIONS</key>
					<string>YES</string>
					<key>GCC_ENABLE_SUPPLEMENTAL_SSE3_INSTRUCTIONS</key>
					<string>YES</string>
					<key>GCC_INLINES_ARE_PRIVATE_EXTERN</key>
					<string>NO</string>
					<key>GCC_OPTIMIZATION_LEVEL</key>
					<string>3</string>
					<key>GCC_SYMBOLS_PRIVATE_EXTERN</key>
					<string>NO</string>
					<key>GCC_UNROLL_LOOPS</key>
					<string>YES</string>
					<key>GCC_WARN_ABOUT_DEPRECATED_FUNCTIONS</key>
					<string>YES</string>
					<key>GCC_WARN_ABOUT_INVALID_OFFSETOF_MACRO</key>
					<string>NO</string>
					<key>GCC_WARN_ALLOW_INCOMPLETE_PROTOCOL</key>
					<string>NO</string>
					<key>GCC_WARN_UNINITIALIZED_AUTOS</key>
					<string>NO</string>
					<key>GCC_WARN_UNUSED_VALUE</key>
					<string>NO</string>
					<key>GCC_WARN_UNUSED_VARIABLE</key>
					<string>NO</string>
					<key>MACOSX_DEPLOYMENT_TARGET</key>
					<string>10.8</string>
					<key>OTHER_CPLUSPLUSFLAGS</key>
					<array>
						<string>-D__MACOSX_CORE__</string>
						<string>-mtune=native</string>
					</array>
					<key>SDKROOT</key>
					<string>macosx</string>
				</dict>
				<key>isa</key>
				<string>XCBuildConfiguration</string>
				<key>name</key>
				<string>Release</string>
			</dict>
			<key>E4B69B580A3A1756003C02F2</key>
			<dict>
				<key>buildActionMask</key>
				<string>2147483647</string>
				<key>files</key>
				<array>
					<string>E4B69E200A3A1BDC003C02F2</string>
					<string>E4B69E210A3A1BDC003C02F2</string>
					<string>B6840996567E78436F7ECFAB</string>
					<string>F76B4A79BD8DE4854141CB47</string>
					<string>EBCDE831EFAE08274E799C97</string>
					<string>6AABAB39E82AF5CFEA23A205</string>
					<string>45CC483A999BF1065A6B926C</string>
					<string>5CC34D433F5806179935B89D</string>
					<string>2023EF517ED2D8B397511D4B</string>
					<string>311DF864378748129984EA1D</string>
					<string>C602002DE761F9B52DB4400A</string>
					<string>7CDAD32BE4FA46701E3552C7</string>
					<string>10B69DE456AED1288FC9316B</string>
					<string>A6668C5B1272D7FCD5B5A16F</string>
					<string>DBCB84A37F9AECC254870D79</string>
				</array>
				<key>isa</key>
				<string>PBXSourcesBuildPhase</string>
				<key>runOnlyForDeploymentPostprocessing</key>
				<string>0</string>
			</dict>
			<key>E4B69B590A3A1756003C02F2</key>
			<dict>
				<key>buildActionMask</key>
				<string>2147483647</string>
				<key>files</key>
				<array>
					<string>E4328149138ABC9F0047C5CB</string>
				</array>
				<key>isa</key>
				<string>PBXFrameworksBuildPhase</string>
				<key>runOnlyForDeploymentPostprocessing</key>
				<string>0</string>
			</dict>
			<key>E4B69B5A0A3A1756003C02F2</key>
			<dict>
				<key>buildConfigurationList</key>
				<string>E4B69B5F0A3A1757003C02F2</string>
				<key>buildPhases</key>
				<array>
					<string>E4B69B580A3A1756003C02F2</string>
					<string>E4B69B590A3A1756003C02F2</string>
					<string>E4B6FFFD0C3F9AB9008CF71C</string>
					<string>E4C2427710CC5ABF004149E2</string>
				</array>
				<key>buildRules</key>
				<array />
				<key>dependencies</key>
				<array>
					<string>E4EEB9AC138B136A00A80321</string>
				</array>
				<key>isa</key>
				<string>PBXNativeTarget</string>
				<key>name</key>
				<string>example</string>
				<key>productName</key>
				<string>myOFApp</string>
				<key>productReference</key>
				<string>E4B69B5B0A3A1756003C02F2</string>
				<key>productType</key>
				<string>com.apple.product-type.application</string>
			</dict>
			<key>E4B69B5B0A3A1756003C02F2</key>
			<dict>
				<key>explicitFileType</key>
				<string>wrapper.application</string>
				<key>includeInIndex</key>
				<string>0</string>
				<key>isa</key>
				<string>PBXFileReference</string>
				<key>path</key>
				<string>exampleDebug.app</string>
				<key>sourceTree</key>
				<string>BUILT_PRODUCTS_DIR</string>
			</dict>
			<key>E4B69B5F0A3A1757003C02F2</key>
			<dict>
				<key>buildConfigurations</key>
				<array>
					<string>E4B69B600A3A1757003C02F2</string>
					<string>E4B69B610A3A1757003C02F2</string>
				</array>
				<key>defaultConfigurationIsVisible</key>
				<string>0</string>
				<key>defaultConfigurationName</key>
				<string>Release</string>
				<key>isa</key>
				<string>XCConfigurationList</string>
			</dict>
			<key>E4B69B600A3A1757003C02F2</key>
			<dict>
				<key>baseConfigurationReference</key>
				<string>E4EB6923138AFD0F00A09F29</string>
				<key>buildSettings</key>
				<dict>
					<key>OTHER_LDFLAGS</key>
					<array>
						<string>$(OF_CORE_FRAMEWORKS) $(OF_CORE_LIBS)</string>
						<string>../../../addons/ofxOpenFace/libs_openFace/FaceAnalyser/lib/osx/Release/libFaceAnalyser.a</string>
						<string>../../../addons/ofxOpenFace/libs_openFace/GazeAnalyser/lib/osx/Release/libGazeAnalyser.a</string>
						<string>../../../addons/ofxOpenFace/libs_openFace/LandmarkDetector/lib/osx/Release/libLandmarkDetector.a</string>
						<string>../../../addons/ofxOpenFace/libs_openFace/Utilities/lib/osx/Release/libUtilities.a</string>
						<string>../../../addons/ofxOpenFace/libs_others/dlib/lib/osx/libdlib.a</string>
						<string>../../../addons/ofxOpenFace/libs_others/tbb/lib/osx/libtbb.dylib</string>
						<string>../../../addons/ofxOpenFace/libs_others/openblas/lib/libopenblas.a</string>
						<string>../../../addons/ofxOpenFace/libs_others/opencv/lib/libopencv_calib3d.dylib</string>
						<string>../../../addons/ofxOpenFace/libs_others/opencv/lib/libopencv_core.dylib</string>
						<string>../../../addons/ofxOpenFace/libs_others/opencv/lib/libopencv_dnn.dylib</string>
						<string>../../../addons/ofxOpenFace/libs_others/opencv/lib/libopencv_features2d.dylib</string>
						<string>../../../addons/ofxOpenFace/libs_others/opencv/lib/libopencv_flann.dylib</string>
						<string>../../../addons/ofxOpenFace/libs_others/opencv/lib/libopencv_highgui.dylib</string>
						<string>../../../addons/ofxOpenFace/libs_others/opencv/lib/libopencv_imgcodecs.dylib</string>
						<string>../../../addons/ofxOpenFace/libs_others/opencv/lib/libopencv_imgproc.dylib</string>
						<string>../../../addons/ofxOpenFace/libs_others/opencv/lib/libopencv_ml.dylib</string>
						<string>../../../addons/ofxOpenFace/libs_others/opencv/lib/libopencv_objdetect.dylib</string>
						<string>../../../addons/ofxOpenFace/libs_others/opencv/lib/libopencv_photo.dylib</string>
						<string>../../../addons/ofxOpenFace/libs_others/opencv/lib/libopencv_shape.dylib</string>
						<string>../../../addons/ofxOpenFace/libs_others/opencv/lib/libopencv_stitching.dylib</string>
						<string>../../../addons/ofxOpenFace/libs_others/opencv/lib/libopencv_superres.dylib</string>
						<string>../../../addons/ofxOpenFace/libs_others/opencv/lib/libopencv_video.dylib</string>
						<string>../../../addons/ofxOpenFace/libs_others/opencv/lib/libopencv_videoio.dylib</string>
						<string>../../../addons/ofxOpenFace/libs_others/opencv/lib/libopencv_videostab.dylib</string>
					</array>
					<key>HEADER_SEARCH_PATHS</key>
					<array>
						<string>$(OF_CORE_HEADERS)</string>
						<string>src</string>
						<string>../../../addons/ofxCv/libs/ofxCv/include</string>
						<string>../../../addons/ofxCv/libs/CLD/include/CLD</string>
						<string>../../../addons/ofxCv/src</string>
						<string>../../../addons/ofxOpenFace/libs_openFace/FaceAnalyser/include</string>
						<string>../../../addons/ofxOpenFace/libs_openFace/GazeAnalyser/include</string>
						<string>../../../addons/ofxOpenFace/libs_openFace/LandmarkDetector/include</string>
						<string>../../../addons/ofxOpenFace/libs_openFace/Utilities/include</string>
						<string>../../../addons/ofxOpenFace/libs_others/dlib/include/dlib/all/source.cpp</string>
						<string>../../../addons/ofxOpenFace/libs_others/dlib/include</string>
						<string>../../../addons/ofxOpenFace/libs_others/tbb/include</string>
						<string>../../../addons/ofxOpenFace/libs_others/openblas/include</string>
						<string>../../../addons/ofxOpenFace/libs_others/opencv/include</string>
						<string>../../../addons/ofxOpenFace/libs_others/boost/include</string>
						<string>../../../addons/ofxOpenFace/src</string>
					</array>
					<key>COMBINE_HIDPI_IMAGES</key>
					<string>YES</string>
					<key>COPY_PHASE_STRIP</key>
					<string>NO</string>
					<key>FRAMEWORK_SEARCH_PATHS</key>
					<array>
						<string>$(inherited)</string>
						<string>$(FRAMEWORK_SEARCH_PATHS_QUOTED_FOR_TARGET_1)</string>
					</array>
					<key>FRAMEWORK_SEARCH_PATHS_QUOTED_FOR_TARGET_1</key>
					<string>"$(SRCROOT)/../../../libs/glut/lib/osx"</string>
					<key>GCC_DYNAMIC_NO_PIC</key>
					<string>NO</string>
					<key>GCC_GENERATE_DEBUGGING_SYMBOLS</key>
					<string>YES</string>
					<key>GCC_MODEL_TUNING</key>
					<string>NONE</string>
					<key>ICON</key>
					<string>$(ICON_NAME_DEBUG)</string>
					<key>ICON_FILE</key>
					<string>$(ICON_FILE_PATH)$(ICON)</string>
					<key>INFOPLIST_FILE</key>
					<string>openFrameworks-Info.plist</string>
					<key>INSTALL_PATH</key>
					<string>/Applications</string>
					<key>LIBRARY_SEARCH_PATHS</key>
					<string>$(inherited)</string>
					<key>PRODUCT_NAME</key>
					<string>$(TARGET_NAME)Debug</string>
					<key>WRAPPER_EXTENSION</key>
					<string>app</string>
				</dict>
				<key>isa</key>
				<string>XCBuildConfiguration</string>
				<key>name</key>
				<string>Debug</string>
			</dict>
			<key>E4B69B610A3A1757003C02F2</key>
			<dict>
				<key>baseConfigurationReference</key>
				<string>E4EB6923138AFD0F00A09F29</string>
				<key>buildSettings</key>
				<dict>
					<key>OTHER_LDFLAGS</key>
					<array>
						<string>$(OF_CORE_FRAMEWORKS) $(OF_CORE_LIBS)</string>
						<string>../../../addons/ofxOpenFace/libs_openFace/FaceAnalyser/lib/osx/Release/libFaceAnalyser.a</string>
						<string>../../../addons/ofxOpenFace/libs_openFace/GazeAnalyser/lib/osx/Release/libGazeAnalyser.a</string>
						<string>../../../addons/ofxOpenFace/libs_openFace/LandmarkDetector/lib/osx/Release/libLandmarkDetector.a</string>
						<string>../../../addons/ofxOpenFace/libs_openFace/Utilities/lib/osx/Release/libUtilities.a</string>
						<string>../../../addons/ofxOpenFace/libs_others/dlib/lib/osx/libdlib.a</string>
						<string>../../../addons/ofxOpenFace/libs_others/tbb/lib/osx/libtbb.dylib</string>
						<string>../../../addons/ofxOpenFace/libs_others/openblas/lib/libopenblas.a</string>
						<string>../../../addons/ofxOpenFace/libs_others/opencv/lib/libopencv_calib3d.dylib</string>
						<string>../../../addons/ofxOpenFace/libs_others/opencv/lib/libopencv_core.dylib</string>
						<string>../../../addons/ofxOpenFace/libs_others/opencv/lib/libopencv_dnn.dylib</string>
						<string>../../../addons/ofxOpenFace/libs_others/opencv/lib/libopencv_features2d.dylib</string>
						<string>../../../addons/ofxOpenFace/libs_others/opencv/lib/libopencv_flann.dylib</string>
						<string>../../../addons/ofxOpenFace/libs_others/opencv/lib/libopencv_highgui.dylib</string>
						<string>../../../addons/ofxOpenFace/libs_others/opencv/lib/libopencv_imgcodecs.dylib</string>
						<string>../../../addons/ofxOpenFace/libs_others/opencv/lib/libopencv_imgproc.dylib</string>
						<string>../../../addons/ofxOpenFace/libs_others/opencv/lib/libopencv_ml.dylib</string>
						<string>../../../addons/ofxOpenFace/libs_others/opencv/lib/libopencv_objdetect.dylib</string>
						<string>../../../addons/ofxOpenFace/libs_others/opencv/lib/libopencv_photo.dylib</string>
						<string>../../../addons/ofxOpenFace/libs_others/opencv/lib/libopencv_shape.dylib</string>
						<string>../../../addons/ofxOpenFace/libs_others/opencv/lib/libopencv_stitching.dylib</string>
						<string>../../../addons/ofxOpenFace/libs_others/opencv/lib/libopencv_superres.dylib</string>
						<string>../../../addons/ofxOpenFace/libs_others/opencv/lib/libopencv_video.dylib</string>
						<string>../../../addons/ofxOpenFace/libs_others/opencv/lib/libopencv_videoio.dylib</string>
						<string>../../../addons/ofxOpenFace/libs_others/opencv/lib/libopencv_videostab.dylib</string>
					</array>
					<key>HEADER_SEARCH_PATHS</key>
					<array>
						<string>$(OF_CORE_HEADERS)</string>
						<string>src</string>
						<string>../../../addons/ofxCv/libs/ofxCv/include</string>
						<string>../../../addons/ofxCv/libs/CLD/include/CLD</string>
						<string>../../../addons/ofxCv/src</string>
						<string>../../../addons/ofxOpenFace/libs_openFace/FaceAnalyser/include</string>
						<string>../../../addons/ofxOpenFace/libs_openFace/GazeAnalyser/include</string>
						<string>../../../addons/ofxOpenFace/libs_openFace/LandmarkDetector/include</string>
						<string>../../../addons/ofxOpenFace/libs_openFace/Utilities/include</string>
						<string>../../../addons/ofxOpenFace/libs_others/dlib/include/dlib/all/source.cpp</string>
						<string>../../../addons/ofxOpenFace/libs_others/dlib/include</string>
						<string>../../../addons/ofxOpenFace/libs_others/tbb/include</string>
						<string>../../../addons/ofxOpenFace/libs_others/openblas/include</string>
						<string>../../../addons/ofxOpenFace/libs_others/opencv/include</string>
						<string>../../../addons/ofxOpenFace/libs_others/boost/include</string>
						<string>../../../addons/ofxOpenFace/src</string>
					</array>
					<key>COMBINE_HIDPI_IMAGES</key>
					<string>YES</string>
					<key>COPY_PHASE_STRIP</key>
					<string>YES</string>
					<key>FRAMEWORK_SEARCH_PATHS</key>
					<array>
						<string>$(inherited)</string>
						<string>$(FRAMEWORK_SEARCH_PATHS_QUOTED_FOR_TARGET_1)</string>
					</array>
					<key>FRAMEWORK_SEARCH_PATHS_QUOTED_FOR_TARGET_1</key>
					<string>"$(SRCROOT)/../../../libs/glut/lib/osx"</string>
					<key>GCC_GENERATE_DEBUGGING_SYMBOLS</key>
					<string>YES</string>
					<key>GCC_MODEL_TUNING</key>
					<string>NONE</string>
					<key>ICON</key>
					<string>$(ICON_NAME_RELEASE)</string>
					<key>ICON_FILE</key>
					<string>$(ICON_FILE_PATH)$(ICON)</string>
					<key>INFOPLIST_FILE</key>
					<string>openFrameworks-Info.plist</string>
					<key>INSTALL_PATH</key>
					<string>/Applications</string>
					<key>LIBRARY_SEARCH_PATHS</key>
					<string>$(inherited)</string>
					<key>PRODUCT_NAME</key>
					<string>$(TARGET_NAME)</string>
					<key>WRAPPER_EXTENSION</key>
					<string>app</string>
					<key>baseConfigurationReference</key>
					<string>E4EB6923138AFD0F00A09F29</string>
				</dict>
				<key>isa</key>
				<string>XCBuildConfiguration</string>
				<key>name</key>
				<string>Release</string>
			</dict>
			<key>E4B69E1C0A3A1BDC003C02F2</key>
			<dict>
				<key>children</key>
				<array>
					<string>E4B69E1D0A3A1BDC003C02F2</string>
					<string>E4B69E1E0A3A1BDC003C02F2</string>
					<string>E4B69E1F0A3A1BDC003C02F2</string>
				</array>
				<key>isa</key>
				<string>PBXGroup</string>
				<key>path</key>
				<string>src</string>
				<key>sourceTree</key>
				<string>SOURCE_ROOT</string>
			</dict>
			<key>E4B69E1D0A3A1BDC003C02F2</key>
			<dict>
				<key>fileEncoding</key>
				<string>30</string>
				<key>isa</key>
				<string>PBXFileReference</string>
				<key>lastKnownFileType</key>
				<string>sourcecode.cpp.cpp</string>
				<key>name</key>
				<string>main.cpp</string>
				<key>path</key>
				<string>src/main.cpp</string>
				<key>sourceTree</key>
				<string>SOURCE_ROOT</string>
			</dict>
			<key>E4B69E1E0A3A1BDC003C02F2</key>
			<dict>
				<key>explicitFileType</key>
				<string>sourcecode.cpp.cpp</string>
				<key>fileEncoding</key>
				<string>30</string>
				<key>isa</key>
				<string>PBXFileReference</string>
				<key>name</key>
				<string>ofApp.cpp</string>
				<key>path</key>
				<string>src/ofApp.cpp</string>
				<key>sourceTree</key>
				<string>SOURCE_ROOT</string>
			</dict>
			<key>E4B69E1F0A3A1BDC003C02F2</key>
			<dict>
				<key>fileEncoding</key>
				<string>30</string>
				<key>isa</key>
				<string>PBXFileReference</string>
				<key>lastKnownFileType</key>
				<string>sourcecode.c.h</string>
				<key>name</key>
				<string>ofApp.h</string>
				<key>path</key>
				<string>src/ofApp.h</string>
				<key>sourceTree</key>
				<string>SOURCE_ROOT</string>
			</dict>
			<key>E4B69E200A3A1BDC003C02F2</key>
			<dict>
				<key>fileRef</key>
				<string>E4B69E1D0A3A1BDC003C02F2</string>
				<key>isa</key>
				<string>PBXBuildFile</string>
			</dict>
			<key>E4B69E210A3A1BDC003C02F2</key>
			<dict>
				<key>fileRef</key>
				<string>E4B69E1E0A3A1BDC003C02F2</string>
				<key>isa</key>
				<string>PBXBuildFile</string>
			</dict>
			<key>E4B6FCAD0C3E899E008CF71C</key>
			<dict>
				<key>fileEncoding</key>
				<string>30</string>
				<key>isa</key>
				<string>PBXFileReference</string>
				<key>lastKnownFileType</key>
				<string>text.plist.xml</string>
				<key>path</key>
				<string>openFrameworks-Info.plist</string>
				<key>sourceTree</key>
				<string>&lt;group&gt;</string>
			</dict>
			<key>E4B6FFFD0C3F9AB9008CF71C</key>
			<dict>
				<key>buildActionMask</key>
				<string>2147483647</string>
				<key>files</key>
				<array />
				<key>inputPaths</key>
				<array />
				<key>isa</key>
				<string>PBXShellScriptBuildPhase</string>
				<key>outputPaths</key>
				<array />
				<key>runOnlyForDeploymentPostprocessing</key>
				<string>0</string>
				<key>shellPath</key>
				<string>/bin/sh</string>
				<key>shellScript</key>
				<string>mkdir -p "$TARGET_BUILD_DIR/$PRODUCT_NAME.app/Contents/Resources/"
# Copy default icon file into App/Resources
rsync -aved "$ICON_FILE" "$TARGET_BUILD_DIR/$PRODUCT_NAME.app/Contents/Resources/"
# Copy libfmod and change install directory for fmod to run
rsync -aved ../../../libs/fmodex/lib/osx/libfmodex.dylib "$TARGET_BUILD_DIR/$PRODUCT_NAME.app/Contents/Frameworks/";
install_name_tool -change @executable_path/libfmodex.dylib @executable_path/../Frameworks/libfmodex.dylib "$TARGET_BUILD_DIR/$PRODUCT_NAME.app/Contents/MacOS/$PRODUCT_NAME";
# Copy GLUT framework (must remove for AppStore submissions)
rsync -aved ../../../libs/glut/lib/osx/GLUT.framework "$TARGET_BUILD_DIR/$PRODUCT_NAME.app/Contents/Frameworks/"
</string>
			</dict>
			<key>E4C2427710CC5ABF004149E2</key>
			<dict>
				<key>buildActionMask</key>
				<string>2147483647</string>
				<key>dstPath</key>
				<string />
				<key>dstSubfolderSpec</key>
				<string>10</string>
				<key>files</key>
				<array />
				<key>isa</key>
				<string>PBXCopyFilesBuildPhase</string>
				<key>runOnlyForDeploymentPostprocessing</key>
				<string>0</string>
			</dict>
			<key>E4EB691F138AFCF100A09F29</key>
			<dict>
				<key>fileEncoding</key>
				<string>4</string>
				<key>isa</key>
				<string>PBXFileReference</string>
				<key>lastKnownFileType</key>
				<string>text.xcconfig</string>
				<key>name</key>
				<string>CoreOF.xcconfig</string>
				<key>path</key>
				<string>../../../libs/openFrameworksCompiled/project/osx/CoreOF.xcconfig</string>
				<key>sourceTree</key>
				<string>SOURCE_ROOT</string>
			</dict>
			<key>E4EB6923138AFD0F00A09F29</key>
			<dict>
				<key>fileEncoding</key>
				<string>4</string>
				<key>isa</key>
				<string>PBXFileReference</string>
				<key>lastKnownFileType</key>
				<string>text.xcconfig</string>
				<key>path</key>
				<string>Project.xcconfig</string>
				<key>sourceTree</key>
				<string>&lt;group&gt;</string>
			</dict>
			<key>E4EEB9AB138B136A00A80321</key>
			<dict>
				<key>containerPortal</key>
				<string>E4328143138ABC890047C5CB</string>
				<key>isa</key>
				<string>PBXContainerItemProxy</string>
				<key>proxyType</key>
				<string>1</string>
				<key>remoteGlobalIDString</key>
				<string>E4B27C1410CBEB8E00536013</string>
				<key>remoteInfo</key>
				<string>openFrameworks</string>
			</dict>
			<key>E4EEB9AC138B136A00A80321</key>
			<dict>
				<key>isa</key>
				<string>PBXTargetDependency</string>
				<key>name</key>
				<string>openFrameworks</string>
				<key>targetProxy</key>
				<string>E4EEB9AB138B136A00A80321</string>
			</dict>
			<key>E4EEC9E9138DF44700A80321</key>
			<dict>
				<key>children</key>
				<array>
					<string>E4EB691F138AFCF100A09F29</string>
					<string>E4328143138ABC890047C5CB</string>
				</array>
				<key>isa</key>
				<string>PBXGroup</string>
				<key>name</key>
				<string>openFrameworks</string>
				<key>sourceTree</key>
				<string>&lt;group&gt;</string>
			</dict>
		</dict>
		<key>rootObject</key>
		<string>E4B69B4C0A3A1720003C02F2</string>
	</dict>
</plist>
